
Microsoft Visual Studio Solution File, Format Version 12.00
# Visual Studio Version 16
VisualStudioVersion = 16.0.29215.179
MinimumVisualStudioVersion = 10.0.40219.1
Project("{FAE04EC0-301F-11D3-BF4B-00C04F79EFBC}") = "SoftwareDevelopmentDiso", "SoftwareDevelopmentDiso.csproj", "{96B37508-066F-4F4B-A8F3-16DC68E0DB6A}"
EndProject
Global
	GlobalSection(SolutionConfigurationPlatforms) = preSolution
		Debug|Any CPU = Debug|Any CPU
		Release|Any CPU = Release|Any CPU
	EndGlobalSection
	GlobalSection(ProjectConfigurationPlatforms) = postSolution
		{96B37508-066F-4F4B-A8F3-16DC68E0DB6A}.Debug|Any CPU.ActiveCfg = Debug|Any CPU
		{96B37508-066F-4F4B-A8F3-16DC68E0DB6A}.Debug|Any CPU.Build.0 = Debug|Any CPU
		{96B37508-066F-4F4B-A8F3-16DC68E0DB6A}.Release|Any CPU.ActiveCfg = Release|Any CPU
		{96B37508-066F-4F4B-A8F3-16DC68E0DB6A}.Release|Any CPU.Build.0 = Release|Any CPU
	EndGlobalSection
	GlobalSection(SolutionProperties) = preSolution
		HideSolutionNode = FALSE
	EndGlobalSection
	GlobalSection(ExtensibilityGlobals) = postSolution
		SolutionGuid = {30D80159-69D9-4E0F-8349-2B6154C5E2C4}
	EndGlobalSection
EndGlobal
